
Microsoft Visual Studio Solution File, Format Version 12.00
# Visual Studio Version 17
VisualStudioVersion = 17.6.33815.320
MinimumVisualStudioVersion = 10.0.40219.1
Project("{9A19103F-16F7-4668-BE54-9A1E7A4F7556}") = "DigitalPointBackEnd", "DigitalPointBackEnd\DigitalPointBackEnd.csproj", "{684452AA-1CDF-4C28-862B-56DA4D9280A7}"
	ProjectSection(ProjectDependencies) = postProject
		{B1BB90D8-4720-4ACB-B29B-06781D01CF22} = {B1BB90D8-4720-4ACB-B29B-06781D01CF22}
	EndProjectSection
EndProject
Project("{9A19103F-16F7-4668-BE54-9A1E7A4F7556}") = "DigitalPoint.Domain", "DigitalPoint.Domain\DigitalPoint.Domain.csproj", "{5F4A121D-BBF5-4C82-B04A-E31957B9814C}"
EndProject
Project("{9A19103F-16F7-4668-BE54-9A1E7A4F7556}") = "DigitalPoint.Identity", "DigitalPoint.Identity\DigitalPoint.Identity.csproj", "{E9F00AAD-6D1F-48A5-A1FA-2A93D78BE832}"
EndProject
Project("{9A19103F-16F7-4668-BE54-9A1E7A4F7556}") = "DigitalPoint.Infrastructure", "DigitalPoint.Infrastructure\DigitalPoint.Infrastructure.csproj", "{B1BB90D8-4720-4ACB-B29B-06781D01CF22}"
EndProject
Project("{9A19103F-16F7-4668-BE54-9A1E7A4F7556}") = "DigitalPoint.Application", "DigitalPoint.Application\DigitalPoint.Application.csproj", "{0964E3DF-3E2F-46C4-8DA6-17ADF3ABCD67}"
EndProject
Global
	GlobalSection(SolutionConfigurationPlatforms) = preSolution
		Debug|Any CPU = Debug|Any CPU
		Release|Any CPU = Release|Any CPU
	EndGlobalSection
	GlobalSection(ProjectConfigurationPlatforms) = postSolution
		{684452AA-1CDF-4C28-862B-56DA4D9280A7}.Debug|Any CPU.ActiveCfg = Debug|Any CPU
		{684452AA-1CDF-4C28-862B-56DA4D9280A7}.Debug|Any CPU.Build.0 = Debug|Any CPU
		{684452AA-1CDF-4C28-862B-56DA4D9280A7}.Release|Any CPU.ActiveCfg = Release|Any CPU
		{684452AA-1CDF-4C28-862B-56DA4D9280A7}.Release|Any CPU.Build.0 = Release|Any CPU
		{5F4A121D-BBF5-4C82-B04A-E31957B9814C}.Debug|Any CPU.ActiveCfg = Debug|Any CPU
		{5F4A121D-BBF5-4C82-B04A-E31957B9814C}.Debug|Any CPU.Build.0 = Debug|Any CPU
		{5F4A121D-BBF5-4C82-B04A-E31957B9814C}.Release|Any CPU.ActiveCfg = Release|Any CPU
		{5F4A121D-BBF5-4C82-B04A-E31957B9814C}.Release|Any CPU.Build.0 = Release|Any CPU
		{E9F00AAD-6D1F-48A5-A1FA-2A93D78BE832}.Debug|Any CPU.ActiveCfg = Debug|Any CPU
		{E9F00AAD-6D1F-48A5-A1FA-2A93D78BE832}.Debug|Any CPU.Build.0 = Debug|Any CPU
		{E9F00AAD-6D1F-48A5-A1FA-2A93D78BE832}.Release|Any CPU.ActiveCfg = Release|Any CPU
		{E9F00AAD-6D1F-48A5-A1FA-2A93D78BE832}.Release|Any CPU.Build.0 = Release|Any CPU
		{B1BB90D8-4720-4ACB-B29B-06781D01CF22}.Debug|Any CPU.ActiveCfg = Debug|Any CPU
		{B1BB90D8-4720-4ACB-B29B-06781D01CF22}.Debug|Any CPU.Build.0 = Debug|Any CPU
		{B1BB90D8-4720-4ACB-B29B-06781D01CF22}.Release|Any CPU.ActiveCfg = Release|Any CPU
		{B1BB90D8-4720-4ACB-B29B-06781D01CF22}.Release|Any CPU.Build.0 = Release|Any CPU
		{0964E3DF-3E2F-46C4-8DA6-17ADF3ABCD67}.Debug|Any CPU.ActiveCfg = Debug|Any CPU
		{0964E3DF-3E2F-46C4-8DA6-17ADF3ABCD67}.Debug|Any CPU.Build.0 = Debug|Any CPU
		{0964E3DF-3E2F-46C4-8DA6-17ADF3ABCD67}.Release|Any CPU.ActiveCfg = Release|Any CPU
		{0964E3DF-3E2F-46C4-8DA6-17ADF3ABCD67}.Release|Any CPU.Build.0 = Release|Any CPU
	EndGlobalSection
	GlobalSection(SolutionProperties) = preSolution
		HideSolutionNode = FALSE
	EndGlobalSection
	GlobalSection(ExtensibilityGlobals) = postSolution
		SolutionGuid = {86F516F1-70AA-4E65-90AF-5CC46572C1E9}
	EndGlobalSection
EndGlobal
